{
  "name": "Borovce_KatkaHrckova",
  "lockfileVersion": 3,
  "requires": true,
  "packages": {
    "": {
      "dependencies": {
        "node-red-contrib-fs-ops": "^1.6.0"
      }
    },
    "node_modules/node-red-contrib-fs-ops": {
      "version": "1.6.0",
      "resolved": "https://registry.npmjs.org/node-red-contrib-fs-ops/-/node-red-contrib-fs-ops-1.6.0.tgz",
      "integrity": "sha512-4JeCmYdH9LtGs3ez+GW9y/lPxGDkJfbtdT+Bdf6mMYqLzEYnJffydF3xIYZ0ETXqNGerNaH5aFq8+Zc8POJxGw==",
      "license": "MIT"
    }
  }
}
